// !$*UTF8*$!
{
	archiveVersion = 1;
	classes = {
	};
	objectVersion = 46;
	objects = {

/* Begin PBXBuildFile section */
		0EE88FEBBB9E4A5DB02AE8BC /* libPods-沃克家.a in Frameworks */ = {isa = PBXBuildFile; fileRef = FE3F2F4E5F208BE4B91AA67D /* libPods-沃克家.a */; };
		907AB5EE1DA735CF009D3788 /* main.m in Sources */ = {isa = PBXBuildFile; fileRef = 907AB5ED1DA735CF009D3788 /* main.m */; };
		907AB5F11DA735CF009D3788 /* AppDelegate.m in Sources */ = {isa = PBXBuildFile; fileRef = 907AB5F01DA735CF009D3788 /* AppDelegate.m */; };
		907AB5F41DA735CF009D3788 /* ViewController.m in Sources */ = {isa = PBXBuildFile; fileRef = 907AB5F31DA735CF009D3788 /* ViewController.m */; };
		907AB5F71DA735CF009D3788 /* Main.storyboard in Resources */ = {isa = PBXBuildFile; fileRef = 907AB5F51DA735CF009D3788 /* Main.storyboard */; };
		907AB5FA1DA735CF009D3788 /* ___.xcdatamodeld in Sources */ = {isa = PBXBuildFile; fileRef = 907AB5F81DA735CF009D3788 /* ___.xcdatamodeld */; };
		907AB5FC1DA735CF009D3788 /* Assets.xcassets in Resources */ = {isa = PBXBuildFile; fileRef = 907AB5FB1DA735CF009D3788 /* Assets.xcassets */; };
		907AB5FF1DA735CF009D3788 /* LaunchScreen.storyboard in Resources */ = {isa = PBXBuildFile; fileRef = 907AB5FD1DA735CF009D3788 /* LaunchScreen.storyboard */; };
		907AB6081DA73BF0009D3788 /* WKJTabBarViewController.m in Sources */ = {isa = PBXBuildFile; fileRef = 907AB6071DA73BF0009D3788 /* WKJTabBarViewController.m */; };
		907AB60B1DA73C9E009D3788 /* WKJSalesViewController.m in Sources */ = {isa = PBXBuildFile; fileRef = 907AB60A1DA73C9E009D3788 /* WKJSalesViewController.m */; };
		907AB60E1DA73CCC009D3788 /* WKJAfterServiceViewController.m in Sources */ = {isa = PBXBuildFile; fileRef = 907AB60D1DA73CCC009D3788 /* WKJAfterServiceViewController.m */; };
		907AB6111DA73CE0009D3788 /* WKJOfficeViewController.m in Sources */ = {isa = PBXBuildFile; fileRef = 907AB6101DA73CE0009D3788 /* WKJOfficeViewController.m */; };
		907AB6141DA73CF0009D3788 /* WKJMoreViewController.m in Sources */ = {isa = PBXBuildFile; fileRef = 907AB6131DA73CF0009D3788 /* WKJMoreViewController.m */; };
		90C147111DA8A550009F650D /* WKJAfterServiceCollectionViewCell.m in Sources */ = {isa = PBXBuildFile; fileRef = 90C147101DA8A550009F650D /* WKJAfterServiceCollectionViewCell.m */; };
		90C147141DA8AC74009F650D /* WKJOfficeCollectionViewCell.m in Sources */ = {isa = PBXBuildFile; fileRef = 90C147131DA8AC74009F650D /* WKJOfficeCollectionViewCell.m */; };
/* End PBXBuildFile section */

/* Begin PBXFileReference section */
		620C0FF872585BC864C866D2 /* Pods-沃克家.release.xcconfig */ = {isa = PBXFileReference; includeInIndex = 1; lastKnownFileType = text.xcconfig; name = "Pods-沃克家.release.xcconfig"; path = "Pods/Target Support Files/Pods-沃克家/Pods-沃克家.release.xcconfig"; sourceTree = "<group>"; };
		907AB5E91DA735CF009D3788 /* 沃克家.app */ = {isa = PBXFileReference; explicitFileType = wrapper.application; includeInIndex = 0; path = "沃克家.app"; sourceTree = BUILT_PRODUCTS_DIR; };
		907AB5ED1DA735CF009D3788 /* main.m */ = {isa = PBXFileReference; lastKnownFileType = sourcecode.c.objc; path = main.m; sourceTree = "<group>"; };
		907AB5F01DA735CF009D3788 /* AppDelegate.m */ = {isa = PBXFileReference; lastKnownFileType = sourcecode.c.objc; path = AppDelegate.m; sourceTree = "<group>"; };
		907AB5F21DA735CF009D3788 /* ViewController.h */ = {isa = PBXFileReference; lastKnownFileType = sourcecode.c.h; path = ViewController.h; sourceTree = "<group>"; };
		907AB5F31DA735CF009D3788 /* ViewController.m */ = {isa = PBXFileReference; lastKnownFileType = sourcecode.c.objc; path = ViewController.m; sourceTree = "<group>"; };
		907AB5F61DA735CF009D3788 /* Base */ = {isa = PBXFileReference; lastKnownFileType = file.storyboard; name = Base; path = Base.lproj/Main.storyboard; sourceTree = "<group>"; };
		907AB5F91DA735CF009D3788 /* ___.xcdatamodel */ = {isa = PBXFileReference; lastKnownFileType = wrapper.xcdatamodel; path = "___.xcdatamodel"; sourceTree = "<group>"; };
		907AB5FB1DA735CF009D3788 /* Assets.xcassets */ = {isa = PBXFileReference; lastKnownFileType = folder.assetcatalog; path = Assets.xcassets; sourceTree = "<group>"; };
		907AB5FE1DA735CF009D3788 /* Base */ = {isa = PBXFileReference; lastKnownFileType = file.storyboard; name = Base; path = Base.lproj/LaunchScreen.storyboard; sourceTree = "<group>"; };
		907AB6001DA735CF009D3788 /* Info.plist */ = {isa = PBXFileReference; lastKnownFileType = text.plist.xml; path = Info.plist; sourceTree = "<group>"; };
		907AB6061DA73BF0009D3788 /* WKJTabBarViewController.h */ = {isa = PBXFileReference; fileEncoding = 4; lastKnownFileType = sourcecode.c.h; path = WKJTabBarViewController.h; sourceTree = "<group>"; };
		907AB6071DA73BF0009D3788 /* WKJTabBarViewController.m */ = {isa = PBXFileReference; fileEncoding = 4; lastKnownFileType = sourcecode.c.objc; path = WKJTabBarViewController.m; sourceTree = "<group>"; };
		907AB6091DA73C9E009D3788 /* WKJSalesViewController.h */ = {isa = PBXFileReference; fileEncoding = 4; lastKnownFileType = sourcecode.c.h; path = WKJSalesViewController.h; sourceTree = "<group>"; };
		907AB60A1DA73C9E009D3788 /* WKJSalesViewController.m */ = {isa = PBXFileReference; fileEncoding = 4; lastKnownFileType = sourcecode.c.objc; path = WKJSalesViewController.m; sourceTree = "<group>"; };
		907AB60C1DA73CCC009D3788 /* WKJAfterServiceViewController.h */ = {isa = PBXFileReference; fileEncoding = 4; lastKnownFileType = sourcecode.c.h; path = WKJAfterServiceViewController.h; sourceTree = "<group>"; };
		907AB60D1DA73CCC009D3788 /* WKJAfterServiceViewController.m */ = {isa = PBXFileReference; fileEncoding = 4; lastKnownFileType = sourcecode.c.objc; path = WKJAfterServiceViewController.m; sourceTree = "<group>"; };
		907AB60F1DA73CE0009D3788 /* WKJOfficeViewController.h */ = {isa = PBXFileReference; fileEncoding = 4; lastKnownFileType = sourcecode.c.h; path = WKJOfficeViewController.h; sourceTree = "<group>"; };
		907AB6101DA73CE0009D3788 /* WKJOfficeViewController.m */ = {isa = PBXFileReference; fileEncoding = 4; lastKnownFileType = sourcecode.c.objc; path = WKJOfficeViewController.m; sourceTree = "<group>"; };
		907AB6121DA73CF0009D3788 /* WKJMoreViewController.h */ = {isa = PBXFileReference; fileEncoding = 4; lastKnownFileType = sourcecode.c.h; path = WKJMoreViewController.h; sourceTree = "<group>"; };
		907AB6131DA73CF0009D3788 /* WKJMoreViewController.m */ = {isa = PBXFileReference; fileEncoding = 4; lastKnownFileType = sourcecode.c.objc; path = WKJMoreViewController.m; sourceTree = "<group>"; };
		90C1470F1DA8A550009F650D /* WKJAfterServiceCollectionViewCell.h */ = {isa = PBXFileReference; fileEncoding = 4; lastKnownFileType = sourcecode.c.h; path = WKJAfterServiceCollectionViewCell.h; sourceTree = "<group>"; };
		90C147101DA8A550009F650D /* WKJAfterServiceCollectionViewCell.m */ = {isa = PBXFileReference; fileEncoding = 4; lastKnownFileType = sourcecode.c.objc; path = WKJAfterServiceCollectionViewCell.m; sourceTree = "<group>"; };
		90C147121DA8AC74009F650D /* WKJOfficeCollectionViewCell.h */ = {isa = PBXFileReference; fileEncoding = 4; lastKnownFileType = sourcecode.c.h; path = WKJOfficeCollectionViewCell.h; sourceTree = "<group>"; };
		90C147131DA8AC74009F650D /* WKJOfficeCollectionViewCell.m */ = {isa = PBXFileReference; fileEncoding = 4; lastKnownFileType = sourcecode.c.objc; path = WKJOfficeCollectionViewCell.m; sourceTree = "<group>"; };
		90C147161DA8DB16009F650D /* AppDelegate.h */ = {isa = PBXFileReference; fileEncoding = 4; lastKnownFileType = sourcecode.c.h; path = AppDelegate.h; sourceTree = "<group>"; };
		97FBA6BCD28C170482BC8AEE /* Pods-沃克家.debug.xcconfig */ = {isa = PBXFileReference; includeInIndex = 1; lastKnownFileType = text.xcconfig; name = "Pods-沃克家.debug.xcconfig"; path = "Pods/Target Support Files/Pods-沃克家/Pods-沃克家.debug.xcconfig"; sourceTree = "<group>"; };
		FE3F2F4E5F208BE4B91AA67D /* libPods-沃克家.a */ = {isa = PBXFileReference; explicitFileType = archive.ar; includeInIndex = 0; path = "libPods-沃克家.a"; sourceTree = BUILT_PRODUCTS_DIR; };
/* End PBXFileReference section */

/* Begin PBXFrameworksBuildPhase section */
		907AB5E61DA735CF009D3788 /* Frameworks */ = {
			isa = PBXFrameworksBuildPhase;
			buildActionMask = 2147483647;
			files = (
				0EE88FEBBB9E4A5DB02AE8BC /* libPods-沃克家.a in Frameworks */,
			);
			runOnlyForDeploymentPostprocessing = 0;
		};
/* End PBXFrameworksBuildPhase section */

/* Begin PBXGroup section */
		7AB53EE0161A4780C61F6343 /* Frameworks */ = {
			isa = PBXGroup;
			children = (
				FE3F2F4E5F208BE4B91AA67D /* libPods-沃克家.a */,
			);
			name = Frameworks;
			sourceTree = "<group>";
		};
		907AB5E01DA735CF009D3788 = {
			isa = PBXGroup;
			children = (
				907AB5EB1DA735CF009D3788 /* 沃克家 */,
				907AB5EA1DA735CF009D3788 /* Products */,
				DC1492BAD8F8C73B81DFDA83 /* Pods */,
				7AB53EE0161A4780C61F6343 /* Frameworks */,
			);
			sourceTree = "<group>";
		};
		907AB5EA1DA735CF009D3788 /* Products */ = {
			isa = PBXGroup;
			children = (
				907AB5E91DA735CF009D3788 /* 沃克家.app */,
			);
			name = Products;
			sourceTree = "<group>";
		};
		907AB5EB1DA735CF009D3788 /* 沃克家 */ = {
			isa = PBXGroup;
			children = (
				90C147181DA8DB35009F650D /* rootViewController */,
				90C1471B1DA8DB7A009F650D /* Sales(销售) */,
				90C1471C1DA8DB98009F650D /* AfterService(售后) */,
				90C1471D1DA8DBBD009F650D /* Office(办公) */,
				90C1471E1DA8DBD9009F650D /* More(更多) */,
				907AB5EC1DA735CF009D3788 /* Supporting Files */,
			);
			path = "沃克家";
			sourceTree = "<group>";
		};
		907AB5EC1DA735CF009D3788 /* Supporting Files */ = {
			isa = PBXGroup;
			children = (
				907AB5ED1DA735CF009D3788 /* main.m */,
			);
			name = "Supporting Files";
			sourceTree = "<group>";
		};
		90C147181DA8DB35009F650D /* rootViewController */ = {
			isa = PBXGroup;
			children = (
				907AB5F51DA735CF009D3788 /* Main.storyboard */,
				907AB5FB1DA735CF009D3788 /* Assets.xcassets */,
				907AB5FD1DA735CF009D3788 /* LaunchScreen.storyboard */,
				907AB6001DA735CF009D3788 /* Info.plist */,
				907AB5F81DA735CF009D3788 /* ___.xcdatamodeld */,
				907AB6061DA73BF0009D3788 /* WKJTabBarViewController.h */,
				907AB6071DA73BF0009D3788 /* WKJTabBarViewController.m */,
				90C147161DA8DB16009F650D /* AppDelegate.h */,
				907AB5F01DA735CF009D3788 /* AppDelegate.m */,
				907AB5F21DA735CF009D3788 /* ViewController.h */,
				907AB5F31DA735CF009D3788 /* ViewController.m */,
			);
			name = rootViewController;
			sourceTree = "<group>";
		};
		90C1471B1DA8DB7A009F650D /* Sales(销售) */ = {
			isa = PBXGroup;
			children = (
				907AB6091DA73C9E009D3788 /* WKJSalesViewController.h */,
				907AB60A1DA73C9E009D3788 /* WKJSalesViewController.m */,
			);
			name = "Sales(销售)";
			sourceTree = "<group>";
		};
		90C1471C1DA8DB98009F650D /* AfterService(售后) */ = {
			isa = PBXGroup;
			children = (
				907AB60C1DA73CCC009D3788 /* WKJAfterServiceViewController.h */,
				907AB60D1DA73CCC009D3788 /* WKJAfterServiceViewController.m */,
				90C1470F1DA8A550009F650D /* WKJAfterServiceCollectionViewCell.h */,
				90C147101DA8A550009F650D /* WKJAfterServiceCollectionViewCell.m */,
			);
			name = "AfterService(售后)";
			sourceTree = "<group>";
		};
		90C1471D1DA8DBBD009F650D /* Office(办公) */ = {
			isa = PBXGroup;
			children = (
				907AB60F1DA73CE0009D3788 /* WKJOfficeViewController.h */,
				907AB6101DA73CE0009D3788 /* WKJOfficeViewController.m */,
				90C147121DA8AC74009F650D /* WKJOfficeCollectionViewCell.h */,
				90C147131DA8AC74009F650D /* WKJOfficeCollectionViewCell.m */,
			);
			name = "Office(办公)";
			sourceTree = "<group>";
		};
		90C1471E1DA8DBD9009F650D /* More(更多) */ = {
			isa = PBXGroup;
			children = (
				907AB6121DA73CF0009D3788 /* WKJMoreViewController.h */,
				907AB6131DA73CF0009D3788 /* WKJMoreViewController.m */,
			);
			name = "More(更多)";
			sourceTree = "<group>";
		};
		DC1492BAD8F8C73B81DFDA83 /* Pods */ = {
			isa = PBXGroup;
			children = (
				97FBA6BCD28C170482BC8AEE /* Pods-沃克家.debug.xcconfig */,
				620C0FF872585BC864C866D2 /* Pods-沃克家.release.xcconfig */,
			);
			name = Pods;
			sourceTree = "<group>";
		};
/* End PBXGroup section */

/* Begin PBXNativeTarget section */
		907AB5E81DA735CF009D3788 /* 沃克家 */ = {
			isa = PBXNativeTarget;
			buildConfigurationList = 907AB6031DA735CF009D3788 /* Build configuration list for PBXNativeTarget "沃克家" */;
			buildPhases = (
				90EE717D640779A75F8CC72F /* 📦 Check Pods Manifest.lock */,
				907AB5E51DA735CF009D3788 /* Sources */,
				907AB5E61DA735CF009D3788 /* Frameworks */,
				907AB5E71DA735CF009D3788 /* Resources */,
				C363DC303D9CC2DB015268D6 /* 📦 Embed Pods Frameworks */,
				3EEE640816F5C3D38A62762E /* 📦 Copy Pods Resources */,
			);
			buildRules = (
			);
			dependencies = (
			);
			name = "沃克家";
			productName = "沃克家";
			productReference = 907AB5E91DA735CF009D3788 /* 沃克家.app */;
			productType = "com.apple.product-type.application";
		};
/* End PBXNativeTarget section */

/* Begin PBXProject section */
		907AB5E11DA735CF009D3788 /* Project object */ = {
			isa = PBXProject;
			attributes = {
				CLASSPREFIX = WKJ;
				LastUpgradeCheck = 0800;
				ORGANIZATIONNAME = jundanuantong;
				TargetAttributes = {
					907AB5E81DA735CF009D3788 = {
						CreatedOnToolsVersion = 8.0;
						ProvisioningStyle = Automatic;
					};
				};
			};
			buildConfigurationList = 907AB5E41DA735CF009D3788 /* Build configuration list for PBXProject "沃克家" */;
			compatibilityVersion = "Xcode 3.2";
			developmentRegion = English;
			hasScannedForEncodings = 0;
			knownRegions = (
				en,
				Base,
			);
			mainGroup = 907AB5E01DA735CF009D3788;
			productRefGroup = 907AB5EA1DA735CF009D3788 /* Products */;
			projectDirPath = "";
			projectRoot = "";
			targets = (
				907AB5E81DA735CF009D3788 /* 沃克家 */,
			);
		};
/* End PBXProject section */

/* Begin PBXResourcesBuildPhase section */
		907AB5E71DA735CF009D3788 /* Resources */ = {
			isa = PBXResourcesBuildPhase;
			buildActionMask = 2147483647;
			files = (
				907AB5FF1DA735CF009D3788 /* LaunchScreen.storyboard in Resources */,
				907AB5FC1DA735CF009D3788 /* Assets.xcassets in Resources */,
				907AB5F71DA735CF009D3788 /* Main.storyboard in Resources */,
			);
			runOnlyForDeploymentPostprocessing = 0;
		};
/* End PBXResourcesBuildPhase section */

/* Begin PBXShellScriptBuildPhase section */
		3EEE640816F5C3D38A62762E /* 📦 Copy Pods Resources */ = {
			isa = PBXShellScriptBuildPhase;
			buildActionMask = 2147483647;
			files = (
			);
			inputPaths = (
			);
			name = "📦 Copy Pods Resources";
			outputPaths = (
			);
			runOnlyForDeploymentPostprocessing = 0;
			shellPath = /bin/sh;
			shellScript = "\"${SRCROOT}/Pods/Target Support Files/Pods-沃克家/Pods-沃克家-resources.sh\"\n";
			showEnvVarsInLog = 0;
		};
		90EE717D640779A75F8CC72F /* 📦 Check Pods Manifest.lock */ = {
			isa = PBXShellScriptBuildPhase;
			buildActionMask = 2147483647;
			files = (
			);
			inputPaths = (
			);
			name = "📦 Check Pods Manifest.lock";
			outputPaths = (
			);
			runOnlyForDeploymentPostprocessing = 0;
			shellPath = /bin/sh;
			shellScript = "diff \"${PODS_ROOT}/../Podfile.lock\" \"${PODS_ROOT}/Manifest.lock\" > /dev/null\nif [[ $? != 0 ]] ; then\n    cat << EOM\nerror: The sandbox is not in sync with the Podfile.lock. Run 'pod install' or update your CocoaPods installation.\nEOM\n    exit 1\nfi\n";
			showEnvVarsInLog = 0;
		};
		C363DC303D9CC2DB015268D6 /* 📦 Embed Pods Frameworks */ = {
			isa = PBXShellScriptBuildPhase;
			buildActionMask = 2147483647;
			files = (
			);
			inputPaths = (
			);
			name = "📦 Embed Pods Frameworks";
			outputPaths = (
			);
			runOnlyForDeploymentPostprocessing = 0;
			shellPath = /bin/sh;
			shellScript = "\"${SRCROOT}/Pods/Target Support Files/Pods-沃克家/Pods-沃克家-frameworks.sh\"\n";
			showEnvVarsInLog = 0;
		};
/* End PBXShellScriptBuildPhase section */

/* Begin PBXSourcesBuildPhase section */
		907AB5E51DA735CF009D3788 /* Sources */ = {
			isa = PBXSourcesBuildPhase;
			buildActionMask = 2147483647;
			files = (
				907AB60B1DA73C9E009D3788 /* WKJSalesViewController.m in Sources */,
				907AB6081DA73BF0009D3788 /* WKJTabBarViewController.m in Sources */,
				907AB6141DA73CF0009D3788 /* WKJMoreViewController.m in Sources */,
				907AB5F41DA735CF009D3788 /* ViewController.m in Sources */,
				907AB6111DA73CE0009D3788 /* WKJOfficeViewController.m in Sources */,
				907AB5FA1DA735CF009D3788 /* ___.xcdatamodeld in Sources */,
				907AB5F11DA735CF009D3788 /* AppDelegate.m in Sources */,
				907AB5EE1DA735CF009D3788 /* main.m in Sources */,
				90C147111DA8A550009F650D /* WKJAfterServiceCollectionViewCell.m in Sources */,
				907AB60E1DA73CCC009D3788 /* WKJAfterServiceViewController.m in Sources */,
				90C147141DA8AC74009F650D /* WKJOfficeCollectionViewCell.m in Sources */,
			);
			runOnlyForDeploymentPostprocessing = 0;
		};
/* End PBXSourcesBuildPhase section */

/* Begin PBXVariantGroup section */
		907AB5F51DA735CF009D3788 /* Main.storyboard */ = {
			isa = PBXVariantGroup;
			children = (
				907AB5F61DA735CF009D3788 /* Base */,
			);
			name = Main.storyboard;
			sourceTree = "<group>";
		};
		907AB5FD1DA735CF009D3788 /* LaunchScreen.storyboard */ = {
			isa = PBXVariantGroup;
			children = (
				907AB5FE1DA735CF009D3788 /* Base */,
			);
			name = LaunchScreen.storyboard;
			sourceTree = "<group>";
		};
/* End PBXVariantGroup section */

/* Begin XCBuildConfiguration section */
		907AB6011DA735CF009D3788 /* Debug */ = {
			isa = XCBuildConfiguration;
			buildSettings = {
				ALWAYS_SEARCH_USER_PATHS = NO;
				CLANG_ANALYZER_NONNULL = YES;
				CLANG_CXX_LANGUAGE_STANDARD = "gnu++0x";
				CLANG_CXX_LIBRARY = "libc++";
				CLANG_ENABLE_MODULES = YES;
				CLANG_ENABLE_OBJC_ARC = YES;
				CLANG_WARN_BOOL_CONVERSION = YES;
				CLANG_WARN_CONSTANT_CONVERSION = YES;
				CLANG_WARN_DIRECT_OBJC_ISA_USAGE = YES_ERROR;
				CLANG_WARN_DOCUMENTATION_COMMENTS = YES;
				CLANG_WARN_EMPTY_BODY = YES;
				CLANG_WARN_ENUM_CONVERSION = YES;
				CLANG_WARN_INFINITE_RECURSION = YES;
				CLANG_WARN_INT_CONVERSION = YES;
				CLANG_WARN_OBJC_ROOT_CLASS = YES_ERROR;
				CLANG_WARN_SUSPICIOUS_MOVES = YES;
				CLANG_WARN_UNREACHABLE_CODE = YES;
				CLANG_WARN__DUPLICATE_METHOD_MATCH = YES;
				"CODE_SIGN_IDENTITY[sdk=iphoneos*]" = "iPhone Developer";
				COPY_PHASE_STRIP = NO;
				DEBUG_INFORMATION_FORMAT = dwarf;
				ENABLE_STRICT_OBJC_MSGSEND = YES;
				ENABLE_TESTABILITY = YES;
				GCC_C_LANGUAGE_STANDARD = gnu99;
				GCC_DYNAMIC_NO_PIC = NO;
				GCC_NO_COMMON_BLOCKS = YES;
				GCC_OPTIMIZATION_LEVEL = 0;
				GCC_PREPROCESSOR_DEFINITIONS = (
					"DEBUG=1",
					"$(inherited)",
				);
				GCC_WARN_64_TO_32_BIT_CONVERSION = YES;
				GCC_WARN_ABOUT_RETURN_TYPE = YES_ERROR;
				GCC_WARN_UNDECLARED_SELECTOR = YES;
				GCC_WARN_UNINITIALIZED_AUTOS = YES_AGGRESSIVE;
				GCC_WARN_UNUSED_FUNCTION = YES;
				GCC_WARN_UNUSED_VARIABLE = YES;
				IPHONEOS_DEPLOYMENT_TARGET = 10.0;
				MTL_ENABLE_DEBUG_INFO = YES;
				ONLY_ACTIVE_ARCH = YES;
				SDKROOT = iphoneos;
				TARGETED_DEVICE_FAMILY = "1,2";
			};
			name = Debug;
		};
		907AB6021DA735CF009D3788 /* Release */ = {
			isa = XCBuildConfiguration;
			buildSettings = {
				ALWAYS_SEARCH_USER_PATHS = NO;
				CLANG_ANALYZER_NONNULL = YES;
				CLANG_CXX_LANGUAGE_STANDARD = "gnu++0x";
				CLANG_CXX_LIBRARY = "libc++";
				CLANG_ENABLE_MODULES = YES;
				CLANG_ENABLE_OBJC_ARC = YES;
				CLANG_WARN_BOOL_CONVERSION = YES;
				CLANG_WARN_CONSTANT_CONVERSION = YES;
				CLANG_WARN_DIRECT_OBJC_ISA_USAGE = YES_ERROR;
				CLANG_WARN_DOCUMENTATION_COMMENTS = YES;
				CLANG_WARN_EMPTY_BODY = YES;
				CLANG_WARN_ENUM_CONVERSION = YES;
				CLANG_WARN_INFINITE_RECURSION = YES;
				CLANG_WARN_INT_CONVERSION = YES;
				CLANG_WARN_OBJC_ROOT_CLASS = YES_ERROR;
				CLANG_WARN_SUSPICIOUS_MOVES = YES;
				CLANG_WARN_UNREACHABLE_CODE = YES;
				CLANG_WARN__DUPLICATE_METHOD_MATCH = YES;
				"CODE_SIGN_IDENTITY[sdk=iphoneos*]" = "iPhone Developer";
				COPY_PHASE_STRIP = NO;
				DEBUG_INFORMATION_FORMAT = "dwarf-with-dsym";
				ENABLE_NS_ASSERTIONS = NO;
				ENABLE_STRICT_OBJC_MSGSEND = YES;
				GCC_C_LANGUAGE_STANDARD = gnu99;
				GCC_NO_COMMON_BLOCKS = YES;
				GCC_WARN_64_TO_32_BIT_CONVERSION = YES;
				GCC_WARN_ABOUT_RETURN_TYPE = YES_ERROR;
				GCC_WARN_UNDECLARED_SELECTOR = YES;
				GCC_WARN_UNINITIALIZED_AUTOS = YES_AGGRESSIVE;
				GCC_WARN_UNUSED_FUNCTION = YES;
				GCC_WARN_UNUSED_VARIABLE = YES;
				IPHONEOS_DEPLOYMENT_TARGET = 10.0;
				MTL_ENABLE_DEBUG_INFO = NO;
				SDKROOT = iphoneos;
				TARGETED_DEVICE_FAMILY = "1,2";
				VALIDATE_PRODUCT = YES;
			};
			name = Release;
		};
		907AB6041DA735CF009D3788 /* Debug */ = {
			isa = XCBuildConfiguration;
			baseConfigurationReference = 97FBA6BCD28C170482BC8AEE /* Pods-沃克家.debug.xcconfig */;
			buildSettings = {
				ASSETCATALOG_COMPILER_APPICON_NAME = AppIcon;
				INFOPLIST_FILE = "沃克家/Info.plist";
				IPHONEOS_DEPLOYMENT_TARGET = 8.0;
				LD_RUNPATH_SEARCH_PATHS = "$(inherited) @executable_path/Frameworks";
				PRODUCT_BUNDLE_IDENTIFIER = "com.jdnt.www.---";
				PRODUCT_NAME = "$(TARGET_NAME)";
			};
			name = Debug;
		};
		907AB6051DA735CF009D3788 /* Release */ = {
			isa = XCBuildConfiguration;
			baseConfigurationReference = 620C0FF872585BC864C866D2 /* Pods-沃克家.release.xcconfig */;
			buildSettings = {
				ASSETCATALOG_COMPILER_APPICON_NAME = AppIcon;
				INFOPLIST_FILE = "沃克家/Info.plist";
				IPHONEOS_DEPLOYMENT_TARGET = 8.0;
				LD_RUNPATH_SEARCH_PATHS = "$(inherited) @executable_path/Frameworks";
				PRODUCT_BUNDLE_IDENTIFIER = "com.jdnt.www.---";
				PRODUCT_NAME = "$(TARGET_NAME)";
			};
			name = Release;
		};
/* End XCBuildConfiguration section */

/* Begin XCConfigurationList section */
		907AB5E41DA735CF009D3788 /* Build configuration list for PBXProject "沃克家" */ = {
			isa = XCConfigurationList;
			buildConfigurations = (
				907AB6011DA735CF009D3788 /* Debug */,
				907AB6021DA735CF009D3788 /* Release */,
			);
			defaultConfigurationIsVisible = 0;
			defaultConfigurationName = Release;
		};
		907AB6031DA735CF009D3788 /* Build configuration list for PBXNativeTarget "沃克家" */ = {
			isa = XCConfigurationList;
			buildConfigurations = (
				907AB6041DA735CF009D3788 /* Debug */,
				907AB6051DA735CF009D3788 /* Release */,
			);
			defaultConfigurationIsVisible = 0;
			defaultConfigurationName = Release;
		};
/* End XCConfigurationList section */

/* Begin XCVersionGroup section */
		907AB5F81DA735CF009D3788 /* ___.xcdatamodeld */ = {
			isa = XCVersionGroup;
			children = (
				907AB5F91DA735CF009D3788 /* ___.xcdatamodel */,
			);
			currentVersion = 907AB5F91DA735CF009D3788 /* ___.xcdatamodel */;
			path = "___.xcdatamodeld";
			sourceTree = "<group>";
			versionGroupType = wrapper.xcdatamodel;
		};
/* End XCVersionGroup section */
	};
	rootObject = 907AB5E11DA735CF009D3788 /* Project object */;
}
